
Microsoft Visual Studio Solution File, Format Version 12.00
# Visual Studio 15
VisualStudioVersion = 15.0.27703.2042
MinimumVisualStudioVersion = 10.0.40219.1
Project("{9A19103F-16F7-4668-BE54-9A1E7A4F7556}") = "AspNetCoreTodo", "AspNetCoreTodo.csproj", "{84A8AB4D-FEDB-4E7D-A93D-9D51376A2CFB}"
EndProject
Global
	GlobalSection(SolutionConfigurationPlatforms) = preSolution
		Debug|Any CPU = Debug|Any CPU
		Release|Any CPU = Release|Any CPU
	EndGlobalSection
	GlobalSection(ProjectConfigurationPlatforms) = postSolution
		{84A8AB4D-FEDB-4E7D-A93D-9D51376A2CFB}.Debug|Any CPU.ActiveCfg = Debug|Any CPU
		{84A8AB4D-FEDB-4E7D-A93D-9D51376A2CFB}.Debug|Any CPU.Build.0 = Debug|Any CPU
		{84A8AB4D-FEDB-4E7D-A93D-9D51376A2CFB}.Release|Any CPU.ActiveCfg = Release|Any CPU
		{84A8AB4D-FEDB-4E7D-A93D-9D51376A2CFB}.Release|Any CPU.Build.0 = Release|Any CPU
	EndGlobalSection
	GlobalSection(SolutionProperties) = preSolution
		HideSolutionNode = FALSE
	EndGlobalSection
	GlobalSection(ExtensibilityGlobals) = postSolution
		SolutionGuid = {0EB93EA5-7B0B-47EE-97E1-DB21C7EF51BE}
	EndGlobalSection
EndGlobal
