
Microsoft Visual Studio Solution File, Format Version 12.00
# Visual Studio 15
VisualStudioVersion = 15.0.27703.2042
MinimumVisualStudioVersion = 10.0.40219.1
Project("{FAE04EC0-301F-11D3-BF4B-00C04F79EFBC}") = "RazorPagesMovie", "RazorPagesMovie\RazorPagesMovie.csproj", "{3DD56124-4B45-4A07-A5A8-B15816ACA518}"
EndProject
Global
	GlobalSection(SolutionConfigurationPlatforms) = preSolution
		Debug|Any CPU = Debug|Any CPU
		Release|Any CPU = Release|Any CPU
	EndGlobalSection
	GlobalSection(ProjectConfigurationPlatforms) = postSolution
		{3DD56124-4B45-4A07-A5A8-B15816ACA518}.Debug|Any CPU.ActiveCfg = Debug|Any CPU
		{3DD56124-4B45-4A07-A5A8-B15816ACA518}.Debug|Any CPU.Build.0 = Debug|Any CPU
		{3DD56124-4B45-4A07-A5A8-B15816ACA518}.Release|Any CPU.ActiveCfg = Release|Any CPU
		{3DD56124-4B45-4A07-A5A8-B15816ACA518}.Release|Any CPU.Build.0 = Release|Any CPU
	EndGlobalSection
	GlobalSection(SolutionProperties) = preSolution
		HideSolutionNode = FALSE
	EndGlobalSection
	GlobalSection(ExtensibilityGlobals) = postSolution
		SolutionGuid = {A3F6955F-BDD8-4F7D-828D-49C81A60EEC3}
	EndGlobalSection
EndGlobal
