
Microsoft Visual Studio Solution File, Format Version 12.00
# Visual Studio Version 16
VisualStudioVersion = 16.0.29411.108
MinimumVisualStudioVersion = 10.0.40219.1
Project("{9A19103F-16F7-4668-BE54-9A1E7A4F7556}") = "MvcMovie", "MvcMovie.csproj", "{BF1199D3-1F7D-499F-BBCE-6FECDC13C9B0}"
EndProject
Project("{FAE04EC0-301F-11D3-BF4B-00C04F79EFBC}") = "TodoApi", "..\TodoApi\TodoApi.csproj", "{F753F070-C7AD-4009-AD42-6F3ADC3CEA90}"
EndProject
Global
	GlobalSection(SolutionConfigurationPlatforms) = preSolution
		Debug|Any CPU = Debug|Any CPU
		Release|Any CPU = Release|Any CPU
	EndGlobalSection
	GlobalSection(ProjectConfigurationPlatforms) = postSolution
		{BF1199D3-1F7D-499F-BBCE-6FECDC13C9B0}.Debug|Any CPU.ActiveCfg = Debug|Any CPU
		{BF1199D3-1F7D-499F-BBCE-6FECDC13C9B0}.Debug|Any CPU.Build.0 = Debug|Any CPU
		{BF1199D3-1F7D-499F-BBCE-6FECDC13C9B0}.Release|Any CPU.ActiveCfg = Release|Any CPU
		{BF1199D3-1F7D-499F-BBCE-6FECDC13C9B0}.Release|Any CPU.Build.0 = Release|Any CPU
		{F753F070-C7AD-4009-AD42-6F3ADC3CEA90}.Debug|Any CPU.ActiveCfg = Debug|Any CPU
		{F753F070-C7AD-4009-AD42-6F3ADC3CEA90}.Debug|Any CPU.Build.0 = Debug|Any CPU
		{F753F070-C7AD-4009-AD42-6F3ADC3CEA90}.Release|Any CPU.ActiveCfg = Release|Any CPU
		{F753F070-C7AD-4009-AD42-6F3ADC3CEA90}.Release|Any CPU.Build.0 = Release|Any CPU
	EndGlobalSection
	GlobalSection(SolutionProperties) = preSolution
		HideSolutionNode = FALSE
	EndGlobalSection
	GlobalSection(ExtensibilityGlobals) = postSolution
		SolutionGuid = {4F771763-8537-428B-B809-46BCFA22FE52}
	EndGlobalSection
EndGlobal
